// !$*UTF8*$!
{
	archiveVersion = 1;
	classes = {
	};
	objectVersion = 46;
	objects = {

/* Begin PBXBuildFile section */
		8202C2381A11B99D00C22E0A /* AppDelegate.swift in Sources */ = {isa = PBXBuildFile; fileRef = 8202C2371A11B99D00C22E0A /* AppDelegate.swift */; };
		8202C23A1A11B99D00C22E0A /* ViewController.swift in Sources */ = {isa = PBXBuildFile; fileRef = 8202C2391A11B99D00C22E0A /* ViewController.swift */; };
		8202C23D1A11B99D00C22E0A /* Main.storyboard in Resources */ = {isa = PBXBuildFile; fileRef = 8202C23B1A11B99D00C22E0A /* Main.storyboard */; };
		8202C23F1A11B99D00C22E0A /* Images.xcassets in Resources */ = {isa = PBXBuildFile; fileRef = 8202C23E1A11B99D00C22E0A /* Images.xcassets */; };
		8202C2421A11B99D00C22E0A /* LaunchScreen.xib in Resources */ = {isa = PBXBuildFile; fileRef = 8202C2401A11B99D00C22E0A /* LaunchScreen.xib */; };
		8202C24E1A11B99D00C22E0A /* OrganicPickerDemoTests.swift in Sources */ = {isa = PBXBuildFile; fileRef = 8202C24D1A11B99D00C22E0A /* OrganicPickerDemoTests.swift */; };
		8202C2591A11B9EE00C22E0A /* OrganicPicker.swift in Sources */ = {isa = PBXBuildFile; fileRef = 8202C2581A11B9EE00C22E0A /* OrganicPicker.swift */; };
		8202C25D1A125EC800C22E0A /* OrganicPickerSettingsCell.swift in Sources */ = {isa = PBXBuildFile; fileRef = 8202C25C1A125EC800C22E0A /* OrganicPickerSettingsCell.swift */; };
		8202C25F1A125EDE00C22E0A /* OrganicPickerSettingsCell.xib in Resources */ = {isa = PBXBuildFile; fileRef = 8202C25E1A125EDE00C22E0A /* OrganicPickerSettingsCell.xib */; };
/* End PBXBuildFile section */

/* Begin PBXContainerItemProxy section */
		8202C2481A11B99D00C22E0A /* PBXContainerItemProxy */ = {
			isa = PBXContainerItemProxy;
			containerPortal = 8202C22A1A11B99D00C22E0A /* Project object */;
			proxyType = 1;
			remoteGlobalIDString = 8202C2311A11B99D00C22E0A;
			remoteInfo = OrganicPickerDemo;
		};
/* End PBXContainerItemProxy section */

/* Begin PBXFileReference section */
		8202C2321A11B99D00C22E0A /* OrganicPickerDemo.app */ = {isa = PBXFileReference; explicitFileType = wrapper.application; includeInIndex = 0; path = OrganicPickerDemo.app; sourceTree = BUILT_PRODUCTS_DIR; };
		8202C2361A11B99D00C22E0A /* Info.plist */ = {isa = PBXFileReference; lastKnownFileType = text.plist.xml; path = Info.plist; sourceTree = "<group>"; };
		8202C2371A11B99D00C22E0A /* AppDelegate.swift */ = {isa = PBXFileReference; lastKnownFileType = sourcecode.swift; path = AppDelegate.swift; sourceTree = "<group>"; };
		8202C2391A11B99D00C22E0A /* ViewController.swift */ = {isa = PBXFileReference; lastKnownFileType = sourcecode.swift; path = ViewController.swift; sourceTree = "<group>"; };
		8202C23C1A11B99D00C22E0A /* Base */ = {isa = PBXFileReference; lastKnownFileType = file.storyboard; name = Base; path = Base.lproj/Main.storyboard; sourceTree = "<group>"; };
		8202C23E1A11B99D00C22E0A /* Images.xcassets */ = {isa = PBXFileReference; lastKnownFileType = folder.assetcatalog; path = Images.xcassets; sourceTree = "<group>"; };
		8202C2411A11B99D00C22E0A /* Base */ = {isa = PBXFileReference; lastKnownFileType = file.xib; name = Base; path = Base.lproj/LaunchScreen.xib; sourceTree = "<group>"; };
		8202C2471A11B99D00C22E0A /* OrganicPickerDemoTests.xctest */ = {isa = PBXFileReference; explicitFileType = wrapper.cfbundle; includeInIndex = 0; path = OrganicPickerDemoTests.xctest; sourceTree = BUILT_PRODUCTS_DIR; };
		8202C24C1A11B99D00C22E0A /* Info.plist */ = {isa = PBXFileReference; lastKnownFileType = text.plist.xml; path = Info.plist; sourceTree = "<group>"; };
		8202C24D1A11B99D00C22E0A /* OrganicPickerDemoTests.swift */ = {isa = PBXFileReference; lastKnownFileType = sourcecode.swift; path = OrganicPickerDemoTests.swift; sourceTree = "<group>"; };
		8202C2581A11B9EE00C22E0A /* OrganicPicker.swift */ = {isa = PBXFileReference; fileEncoding = 4; lastKnownFileType = sourcecode.swift; path = OrganicPicker.swift; sourceTree = "<group>"; };
		8202C25C1A125EC800C22E0A /* OrganicPickerSettingsCell.swift */ = {isa = PBXFileReference; fileEncoding = 4; lastKnownFileType = sourcecode.swift; path = OrganicPickerSettingsCell.swift; sourceTree = "<group>"; };
		8202C25E1A125EDE00C22E0A /* OrganicPickerSettingsCell.xib */ = {isa = PBXFileReference; fileEncoding = 4; lastKnownFileType = file.xib; path = OrganicPickerSettingsCell.xib; sourceTree = "<group>"; };
/* End PBXFileReference section */

/* Begin PBXFrameworksBuildPhase section */
		8202C22F1A11B99D00C22E0A /* Frameworks */ = {
			isa = PBXFrameworksBuildPhase;
			buildActionMask = 2147483647;
			files = (
			);
			runOnlyForDeploymentPostprocessing = 0;
		};
		8202C2441A11B99D00C22E0A /* Frameworks */ = {
			isa = PBXFrameworksBuildPhase;
			buildActionMask = 2147483647;
			files = (
			);
			runOnlyForDeploymentPostprocessing = 0;
		};
/* End PBXFrameworksBuildPhase section */

/* Begin PBXGroup section */
		8202C2291A11B99D00C22E0A = {
			isa = PBXGroup;
			children = (
				8202C2571A11B9C600C22E0A /* OrganicPicker */,
				8202C2341A11B99D00C22E0A /* OrganicPickerDemo */,
				8202C24A1A11B99D00C22E0A /* OrganicPickerDemoTests */,
				8202C2331A11B99D00C22E0A /* Products */,
			);
			sourceTree = "<group>";
		};
		8202C2331A11B99D00C22E0A /* Products */ = {
			isa = PBXGroup;
			children = (
				8202C2321A11B99D00C22E0A /* OrganicPickerDemo.app */,
				8202C2471A11B99D00C22E0A /* OrganicPickerDemoTests.xctest */,
			);
			name = Products;
			sourceTree = "<group>";
		};
		8202C2341A11B99D00C22E0A /* OrganicPickerDemo */ = {
			isa = PBXGroup;
			children = (
				8202C25C1A125EC800C22E0A /* OrganicPickerSettingsCell.swift */,
				8202C25E1A125EDE00C22E0A /* OrganicPickerSettingsCell.xib */,
				8202C2371A11B99D00C22E0A /* AppDelegate.swift */,
				8202C2391A11B99D00C22E0A /* ViewController.swift */,
				8202C23B1A11B99D00C22E0A /* Main.storyboard */,
				8202C23E1A11B99D00C22E0A /* Images.xcassets */,
				8202C2401A11B99D00C22E0A /* LaunchScreen.xib */,
				8202C2351A11B99D00C22E0A /* Supporting Files */,
			);
			path = OrganicPickerDemo;
			sourceTree = "<group>";
		};
		8202C2351A11B99D00C22E0A /* Supporting Files */ = {
			isa = PBXGroup;
			children = (
				8202C2361A11B99D00C22E0A /* Info.plist */,
			);
			name = "Supporting Files";
			sourceTree = "<group>";
		};
		8202C24A1A11B99D00C22E0A /* OrganicPickerDemoTests */ = {
			isa = PBXGroup;
			children = (
				8202C24D1A11B99D00C22E0A /* OrganicPickerDemoTests.swift */,
				8202C24B1A11B99D00C22E0A /* Supporting Files */,
			);
			path = OrganicPickerDemoTests;
			sourceTree = "<group>";
		};
		8202C24B1A11B99D00C22E0A /* Supporting Files */ = {
			isa = PBXGroup;
			children = (
				8202C24C1A11B99D00C22E0A /* Info.plist */,
			);
			name = "Supporting Files";
			sourceTree = "<group>";
		};
		8202C2571A11B9C600C22E0A /* OrganicPicker */ = {
			isa = PBXGroup;
			children = (
				8202C2581A11B9EE00C22E0A /* OrganicPicker.swift */,
			);
			name = OrganicPicker;
			path = ../OrganicPicker;
			sourceTree = "<group>";
		};
/* End PBXGroup section */

/* Begin PBXNativeTarget section */
		8202C2311A11B99D00C22E0A /* OrganicPickerDemo */ = {
			isa = PBXNativeTarget;
			buildConfigurationList = 8202C2511A11B99D00C22E0A /* Build configuration list for PBXNativeTarget "OrganicPickerDemo" */;
			buildPhases = (
				8202C22E1A11B99D00C22E0A /* Sources */,
				8202C22F1A11B99D00C22E0A /* Frameworks */,
				8202C2301A11B99D00C22E0A /* Resources */,
			);
			buildRules = (
			);
			dependencies = (
			);
			name = OrganicPickerDemo;
			productName = OrganicPickerDemo;
			productReference = 8202C2321A11B99D00C22E0A /* OrganicPickerDemo.app */;
			productType = "com.apple.product-type.application";
		};
		8202C2461A11B99D00C22E0A /* OrganicPickerDemoTests */ = {
			isa = PBXNativeTarget;
			buildConfigurationList = 8202C2541A11B99D00C22E0A /* Build configuration list for PBXNativeTarget "OrganicPickerDemoTests" */;
			buildPhases = (
				8202C2431A11B99D00C22E0A /* Sources */,
				8202C2441A11B99D00C22E0A /* Frameworks */,
				8202C2451A11B99D00C22E0A /* Resources */,
			);
			buildRules = (
			);
			dependencies = (
				8202C2491A11B99D00C22E0A /* PBXTargetDependency */,
			);
			name = OrganicPickerDemoTests;
			productName = OrganicPickerDemoTests;
			productReference = 8202C2471A11B99D00C22E0A /* OrganicPickerDemoTests.xctest */;
			productType = "com.apple.product-type.bundle.unit-test";
		};
/* End PBXNativeTarget section */

/* Begin PBXProject section */
		8202C22A1A11B99D00C22E0A /* Project object */ = {
			isa = PBXProject;
			attributes = {
				LastUpgradeCheck = 0610;
				ORGANIZATIONNAME = ArabianDevs;
				TargetAttributes = {
					8202C2311A11B99D00C22E0A = {
						CreatedOnToolsVersion = 6.1;
					};
					8202C2461A11B99D00C22E0A = {
						CreatedOnToolsVersion = 6.1;
						TestTargetID = 8202C2311A11B99D00C22E0A;
					};
				};
			};
			buildConfigurationList = 8202C22D1A11B99D00C22E0A /* Build configuration list for PBXProject "OrganicPickerDemo" */;
			compatibilityVersion = "Xcode 3.2";
			developmentRegion = English;
			hasScannedForEncodings = 0;
			knownRegions = (
				en,
				Base,
			);
			mainGroup = 8202C2291A11B99D00C22E0A;
			productRefGroup = 8202C2331A11B99D00C22E0A /* Products */;
			projectDirPath = "";
			projectRoot = "";
			targets = (
				8202C2311A11B99D00C22E0A /* OrganicPickerDemo */,
				8202C2461A11B99D00C22E0A /* OrganicPickerDemoTests */,
			);
		};
/* End PBXProject section */

/* Begin PBXResourcesBuildPhase section */
		8202C2301A11B99D00C22E0A /* Resources */ = {
			isa = PBXResourcesBuildPhase;
			buildActionMask = 2147483647;
			files = (
				8202C25F1A125EDE00C22E0A /* OrganicPickerSettingsCell.xib in Resources */,
				8202C23D1A11B99D00C22E0A /* Main.storyboard in Resources */,
				8202C2421A11B99D00C22E0A /* LaunchScreen.xib in Resources */,
				8202C23F1A11B99D00C22E0A /* Images.xcassets in Resources */,
			);
			runOnlyForDeploymentPostprocessing = 0;
		};
		8202C2451A11B99D00C22E0A /* Resources */ = {
			isa = PBXResourcesBuildPhase;
			buildActionMask = 2147483647;
			files = (
			);
			runOnlyForDeploymentPostprocessing = 0;
		};
/* End PBXResourcesBuildPhase section */

/* Begin PBXSourcesBuildPhase section */
		8202C22E1A11B99D00C22E0A /* Sources */ = {
			isa = PBXSourcesBuildPhase;
			buildActionMask = 2147483647;
			files = (
				8202C25D1A125EC800C22E0A /* OrganicPickerSettingsCell.swift in Sources */,
				8202C2591A11B9EE00C22E0A /* OrganicPicker.swift in Sources */,
				8202C23A1A11B99D00C22E0A /* ViewController.swift in Sources */,
				8202C2381A11B99D00C22E0A /* AppDelegate.swift in Sources */,
			);
			runOnlyForDeploymentPostprocessing = 0;
		};
		8202C2431A11B99D00C22E0A /* Sources */ = {
			isa = PBXSourcesBuildPhase;
			buildActionMask = 2147483647;
			files = (
				8202C24E1A11B99D00C22E0A /* OrganicPickerDemoTests.swift in Sources */,
			);
			runOnlyForDeploymentPostprocessing = 0;
		};
/* End PBXSourcesBuildPhase section */

/* Begin PBXTargetDependency section */
		8202C2491A11B99D00C22E0A /* PBXTargetDependency */ = {
			isa = PBXTargetDependency;
			target = 8202C2311A11B99D00C22E0A /* OrganicPickerDemo */;
			targetProxy = 8202C2481A11B99D00C22E0A /* PBXContainerItemProxy */;
		};
/* End PBXTargetDependency section */

/* Begin PBXVariantGroup section */
		8202C23B1A11B99D00C22E0A /* Main.storyboard */ = {
			isa = PBXVariantGroup;
			children = (
				8202C23C1A11B99D00C22E0A /* Base */,
			);
			name = Main.storyboard;
			sourceTree = "<group>";
		};
		8202C2401A11B99D00C22E0A /* LaunchScreen.xib */ = {
			isa = PBXVariantGroup;
			children = (
				8202C2411A11B99D00C22E0A /* Base */,
			);
			name = LaunchScreen.xib;
			sourceTree = "<group>";
		};
/* End PBXVariantGroup section */

/* Begin XCBuildConfiguration section */
		8202C24F1A11B99D00C22E0A /* Debug */ = {
			isa = XCBuildConfiguration;
			buildSettings = {
				ALWAYS_SEARCH_USER_PATHS = NO;
				CLANG_CXX_LANGUAGE_STANDARD = "gnu++0x";
				CLANG_CXX_LIBRARY = "libc++";
				CLANG_ENABLE_MODULES = YES;
				CLANG_ENABLE_OBJC_ARC = YES;
				CLANG_WARN_BOOL_CONVERSION = YES;
				CLANG_WARN_CONSTANT_CONVERSION = YES;
				CLANG_WARN_DIRECT_OBJC_ISA_USAGE = YES_ERROR;
				CLANG_WARN_EMPTY_BODY = YES;
				CLANG_WARN_ENUM_CONVERSION = YES;
				CLANG_WARN_INT_CONVERSION = YES;
				CLANG_WARN_OBJC_ROOT_CLASS = YES_ERROR;
				CLANG_WARN_UNREACHABLE_CODE = YES;
				CLANG_WARN__DUPLICATE_METHOD_MATCH = YES;
				"CODE_SIGN_IDENTITY[sdk=iphoneos*]" = "iPhone Developer";
				COPY_PHASE_STRIP = NO;
				ENABLE_STRICT_OBJC_MSGSEND = YES;
				GCC_C_LANGUAGE_STANDARD = gnu99;
				GCC_DYNAMIC_NO_PIC = NO;
				GCC_OPTIMIZATION_LEVEL = 0;
				GCC_PREPROCESSOR_DEFINITIONS = (
					"DEBUG=1",
					"$(inherited)",
				);
				GCC_SYMBOLS_PRIVATE_EXTERN = NO;
				GCC_WARN_64_TO_32_BIT_CONVERSION = YES;
				GCC_WARN_ABOUT_RETURN_TYPE = YES_ERROR;
				GCC_WARN_UNDECLARED_SELECTOR = YES;
				GCC_WARN_UNINITIALIZED_AUTOS = YES_AGGRESSIVE;
				GCC_WARN_UNUSED_FUNCTION = YES;
				GCC_WARN_UNUSED_VARIABLE = YES;
				IPHONEOS_DEPLOYMENT_TARGET = 8.1;
				MTL_ENABLE_DEBUG_INFO = YES;
				ONLY_ACTIVE_ARCH = YES;
				SDKROOT = iphoneos;
				SWIFT_OPTIMIZATION_LEVEL = "-Onone";
			};
			name = Debug;
		};
		8202C2501A11B99D00C22E0A /* Release */ = {
			isa = XCBuildConfiguration;
			buildSettings = {
				ALWAYS_SEARCH_USER_PATHS = NO;
				CLANG_CXX_LANGUAGE_STANDARD = "gnu++0x";
				CLANG_CXX_LIBRARY = "libc++";
				CLANG_ENABLE_MODULES = YES;
				CLANG_ENABLE_OBJC_ARC = YES;
				CLANG_WARN_BOOL_CONVERSION = YES;
				CLANG_WARN_CONSTANT_CONVERSION = YES;
				CLANG_WARN_DIRECT_OBJC_ISA_USAGE = YES_ERROR;
				CLANG_WARN_EMPTY_BODY = YES;
				CLANG_WARN_ENUM_CONVERSION = YES;
				CLANG_WARN_INT_CONVERSION = YES;
				CLANG_WARN_OBJC_ROOT_CLASS = YES_ERROR;
				CLANG_WARN_UNREACHABLE_CODE = YES;
				CLANG_WARN__DUPLICATE_METHOD_MATCH = YES;
				"CODE_SIGN_IDENTITY[sdk=iphoneos*]" = "iPhone Developer";
				COPY_PHASE_STRIP = YES;
				ENABLE_NS_ASSERTIONS = NO;
				ENABLE_STRICT_OBJC_MSGSEND = YES;
				GCC_C_LANGUAGE_STANDARD = gnu99;
				GCC_WARN_64_TO_32_BIT_CONVERSION = YES;
				GCC_WARN_ABOUT_RETURN_TYPE = YES_ERROR;
				GCC_WARN_UNDECLARED_SELECTOR = YES;
				GCC_WARN_UNINITIALIZED_AUTOS = YES_AGGRESSIVE;
				GCC_WARN_UNUSED_FUNCTION = YES;
				GCC_WARN_UNUSED_VARIABLE = YES;
				IPHONEOS_DEPLOYMENT_TARGET = 8.1;
				MTL_ENABLE_DEBUG_INFO = NO;
				SDKROOT = iphoneos;
				VALIDATE_PRODUCT = YES;
			};
			name = Release;
		};
		8202C2521A11B99D00C22E0A /* Debug */ = {
			isa = XCBuildConfiguration;
			buildSettings = {
				ASSETCATALOG_COMPILER_APPICON_NAME = AppIcon;
				INFOPLIST_FILE = OrganicPickerDemo/Info.plist;
				LD_RUNPATH_SEARCH_PATHS = "$(inherited) @executable_path/Frameworks";
				PRODUCT_NAME = "$(TARGET_NAME)";
			};
			name = Debug;
		};
		8202C2531A11B99D00C22E0A /* Release */ = {
			isa = XCBuildConfiguration;
			buildSettings = {
				ASSETCATALOG_COMPILER_APPICON_NAME = AppIcon;
				INFOPLIST_FILE = OrganicPickerDemo/Info.plist;
				LD_RUNPATH_SEARCH_PATHS = "$(inherited) @executable_path/Frameworks";
				PRODUCT_NAME = "$(TARGET_NAME)";
			};
			name = Release;
		};
		8202C2551A11B99D00C22E0A /* Debug */ = {
			isa = XCBuildConfiguration;
			buildSettings = {
				BUNDLE_LOADER = "$(TEST_HOST)";
				FRAMEWORK_SEARCH_PATHS = (
					"$(SDKROOT)/Developer/Library/Frameworks",
					"$(inherited)",
				);
				GCC_PREPROCESSOR_DEFINITIONS = (
					"DEBUG=1",
					"$(inherited)",
				);
				INFOPLIST_FILE = OrganicPickerDemoTests/Info.plist;
				LD_RUNPATH_SEARCH_PATHS = "$(inherited) @executable_path/Frameworks @loader_path/Frameworks";
				PRODUCT_NAME = "$(TARGET_NAME)";
				TEST_HOST = "$(BUILT_PRODUCTS_DIR)/OrganicPickerDemo.app/OrganicPickerDemo";
			};
			name = Debug;
		};
		8202C2561A11B99D00C22E0A /* Release */ = {
			isa = XCBuildConfiguration;
			buildSettings = {
				BUNDLE_LOADER = "$(TEST_HOST)";
				FRAMEWORK_SEARCH_PATHS = (
					"$(SDKROOT)/Developer/Library/Frameworks",
					"$(inherited)",
				);
				INFOPLIST_FILE = OrganicPickerDemoTests/Info.plist;
				LD_RUNPATH_SEARCH_PATHS = "$(inherited) @executable_path/Frameworks @loader_path/Frameworks";
				PRODUCT_NAME = "$(TARGET_NAME)";
				TEST_HOST = "$(BUILT_PRODUCTS_DIR)/OrganicPickerDemo.app/OrganicPickerDemo";
			};
			name = Release;
		};
/* End XCBuildConfiguration section */

/* Begin XCConfigurationList section */
		8202C22D1A11B99D00C22E0A /* Build configuration list for PBXProject "OrganicPickerDemo" */ = {
			isa = XCConfigurationList;
			buildConfigurations = (
				8202C24F1A11B99D00C22E0A /* Debug */,
				8202C2501A11B99D00C22E0A /* Release */,
			);
			defaultConfigurationIsVisible = 0;
			defaultConfigurationName = Release;
		};
		8202C2511A11B99D00C22E0A /* Build configuration list for PBXNativeTarget "OrganicPickerDemo" */ = {
			isa = XCConfigurationList;
			buildConfigurations = (
				8202C2521A11B99D00C22E0A /* Debug */,
				8202C2531A11B99D00C22E0A /* Release */,
			);
			defaultConfigurationIsVisible = 0;
		};
		8202C2541A11B99D00C22E0A /* Build configuration list for PBXNativeTarget "OrganicPickerDemoTests" */ = {
			isa = XCConfigurationList;
			buildConfigurations = (
				8202C2551A11B99D00C22E0A /* Debug */,
				8202C2561A11B99D00C22E0A /* Release */,
			);
			defaultConfigurationIsVisible = 0;
		};
/* End XCConfigurationList section */
	};
	rootObject = 8202C22A1A11B99D00C22E0A /* Project object */;
}
